
Microsoft Visual Studio Solution File, Format Version 12.00
# Visual Studio Version 17
VisualStudioVersion = 17.5.002.0
MinimumVisualStudioVersion = 10.0.40219.1
Project("{9A19103F-16F7-4668-BE54-9A1E7A4F7556}") = "Sumofsubarrays", "Sumofsubarrays.csproj", "{47473593-79ED-4A06-9085-B5E828F0D4DD}"
EndProject
Global
	GlobalSection(SolutionConfigurationPlatforms) = preSolution
		Debug|Any CPU = Debug|Any CPU
		Release|Any CPU = Release|Any CPU
	EndGlobalSection
	GlobalSection(ProjectConfigurationPlatforms) = postSolution
		{47473593-79ED-4A06-9085-B5E828F0D4DD}.Debug|Any CPU.ActiveCfg = Debug|Any CPU
		{47473593-79ED-4A06-9085-B5E828F0D4DD}.Debug|Any CPU.Build.0 = Debug|Any CPU
		{47473593-79ED-4A06-9085-B5E828F0D4DD}.Release|Any CPU.ActiveCfg = Release|Any CPU
		{47473593-79ED-4A06-9085-B5E828F0D4DD}.Release|Any CPU.Build.0 = Release|Any CPU
	EndGlobalSection
	GlobalSection(SolutionProperties) = preSolution
		HideSolutionNode = FALSE
	EndGlobalSection
	GlobalSection(ExtensibilityGlobals) = postSolution
		SolutionGuid = {D767ED52-2440-4C6A-B665-573686448D64}
	EndGlobalSection
EndGlobal
